
Microsoft Visual Studio Solution File, Format Version 12.00
# Visual Studio Version 17
VisualStudioVersion = 17.12.35527.113
MinimumVisualStudioVersion = 10.0.40219.1
Project("{2150E333-8FDC-42A3-9474-1A3956D46DE8}") = "Src", "Src", "{BC3048FE-4229-4F5E-A736-E6520907CDC0}"
EndProject
Project("{FAE04EC0-301F-11D3-BF4B-00C04F79EFBC}") = "OIDCClient", "OIDCClient.csproj", "{7743C6D2-AD69-4AE4-A174-278AAF7E5B6A}"
EndProject
Project("{E24C65DC-7377-472B-9ABA-BC803B73C61A}") = "Azure_App_registrations-", "..\", "{A605C615-85E9-4C74-8065-C9A5109C49A2}"
	ProjectSection(WebsiteProperties) = preProject
		TargetFrameworkMoniker = ".NETFramework,Version%3Dv4.8.1"
		Debug.AspNetCompiler.VirtualPath = "/localhost_53443"
		Debug.AspNetCompiler.PhysicalPath = "..\..\Azure_App_registrations-\"
		Debug.AspNetCompiler.TargetPath = "PrecompiledWeb\localhost_53443\"
		Debug.AspNetCompiler.Updateable = "true"
		Debug.AspNetCompiler.ForceOverwrite = "true"
		Debug.AspNetCompiler.FixedNames = "false"
		Debug.AspNetCompiler.Debug = "True"
		Release.AspNetCompiler.VirtualPath = "/localhost_53443"
		Release.AspNetCompiler.PhysicalPath = "..\..\Azure_App_registrations-\"
		Release.AspNetCompiler.TargetPath = "PrecompiledWeb\localhost_53443\"
		Release.AspNetCompiler.Updateable = "true"
		Release.AspNetCompiler.ForceOverwrite = "true"
		Release.AspNetCompiler.FixedNames = "false"
		Release.AspNetCompiler.Debug = "False"
		VWDPort = "53443"
		SlnRelativePath = "..\..\Azure_App_registrations-\"
	EndProjectSection
EndProject
Global
	GlobalSection(SolutionConfigurationPlatforms) = preSolution
		Debug|Any CPU = Debug|Any CPU
		Release|Any CPU = Release|Any CPU
	EndGlobalSection
	GlobalSection(ProjectConfigurationPlatforms) = postSolution
		{7743C6D2-AD69-4AE4-A174-278AAF7E5B6A}.Debug|Any CPU.ActiveCfg = Debug|Any CPU
		{7743C6D2-AD69-4AE4-A174-278AAF7E5B6A}.Debug|Any CPU.Build.0 = Debug|Any CPU
		{7743C6D2-AD69-4AE4-A174-278AAF7E5B6A}.Release|Any CPU.ActiveCfg = Release|Any CPU
		{7743C6D2-AD69-4AE4-A174-278AAF7E5B6A}.Release|Any CPU.Build.0 = Release|Any CPU
		{A605C615-85E9-4C74-8065-C9A5109C49A2}.Debug|Any CPU.ActiveCfg = Debug|Any CPU
		{A605C615-85E9-4C74-8065-C9A5109C49A2}.Debug|Any CPU.Build.0 = Debug|Any CPU
		{A605C615-85E9-4C74-8065-C9A5109C49A2}.Release|Any CPU.ActiveCfg = Debug|Any CPU
		{A605C615-85E9-4C74-8065-C9A5109C49A2}.Release|Any CPU.Build.0 = Debug|Any CPU
	EndGlobalSection
	GlobalSection(SolutionProperties) = preSolution
		HideSolutionNode = FALSE
	EndGlobalSection
	GlobalSection(NestedProjects) = preSolution
		{7743C6D2-AD69-4AE4-A174-278AAF7E5B6A} = {BC3048FE-4229-4F5E-A736-E6520907CDC0}
	EndGlobalSection
EndGlobal
